
Microsoft Visual Studio Solution File, Format Version 12.00
# Visual Studio Version 17
VisualStudioVersion = 17.5.002.0
MinimumVisualStudioVersion = 10.0.40219.1
Project("{9A19103F-16F7-4668-BE54-9A1E7A4F7556}") = "myWebApp", "myWebApp.csproj", "{E442173C-C4C5-42A0-80EA-99185496E01A}"
EndProject
Global
	GlobalSection(SolutionConfigurationPlatforms) = preSolution
		Debug|Any CPU = Debug|Any CPU
		Release|Any CPU = Release|Any CPU
	EndGlobalSection
	GlobalSection(ProjectConfigurationPlatforms) = postSolution
		{E442173C-C4C5-42A0-80EA-99185496E01A}.Debug|Any CPU.ActiveCfg = Debug|Any CPU
		{E442173C-C4C5-42A0-80EA-99185496E01A}.Debug|Any CPU.Build.0 = Debug|Any CPU
		{E442173C-C4C5-42A0-80EA-99185496E01A}.Release|Any CPU.ActiveCfg = Release|Any CPU
		{E442173C-C4C5-42A0-80EA-99185496E01A}.Release|Any CPU.Build.0 = Release|Any CPU
	EndGlobalSection
	GlobalSection(SolutionProperties) = preSolution
		HideSolutionNode = FALSE
	EndGlobalSection
	GlobalSection(ExtensibilityGlobals) = postSolution
		SolutionGuid = {87CB6471-BA91-4803-B171-125E8363E3DA}
	EndGlobalSection
EndGlobal
